
Microsoft Visual Studio Solution File, Format Version 12.00
# Visual Studio Version 16
VisualStudioVersion = 16.0.34114.132
MinimumVisualStudioVersion = 10.0.40219.1
Project("{2150E333-8FDC-42A3-9474-1A3956D46DE8}") = "ApiConsume", "ApiConsume", "{4A654A1D-18BB-4325-95D5-C8BAB272C17A}"
EndProject
Project("{2150E333-8FDC-42A3-9474-1A3956D46DE8}") = "Frontend", "Frontend", "{D1C86148-354D-4332-AB38-5BF5FD8B9716}"
EndProject
Project("{2150E333-8FDC-42A3-9474-1A3956D46DE8}") = "ToDoList", "ToDoList", "{32B1A1E2-EFAD-44FD-997C-AFE7DE222A93}"
EndProject
Project("{FAE04EC0-301F-11D3-BF4B-00C04F79EFBC}") = "HotelProject.WebApi", "HotelProject.WebApi\HotelProject.WebApi.csproj", "{A86BB62E-7582-416A-9E9C-9843C6147453}"
EndProject
Project("{FAE04EC0-301F-11D3-BF4B-00C04F79EFBC}") = "HotelProject.EntityLayer", "HotelProject.EntityLayer\HotelProject.EntityLayer.csproj", "{F3596FEC-B92C-45F3-8951-A4FD11A91FA9}"
EndProject
Project("{FAE04EC0-301F-11D3-BF4B-00C04F79EFBC}") = "HotelProject.DataAccessLayer", "HotelProject.DataAccessLayer\HotelProject.DataAccessLayer.csproj", "{FA1A3F55-42AD-4A94-9FE3-2AF9EA61B0E2}"
EndProject
Project("{FAE04EC0-301F-11D3-BF4B-00C04F79EFBC}") = "HotelProject.BusinessLayer", "HotelProject.BusinessLayer\HotelProject.BusinessLayer.csproj", "{DA0C2E65-DF71-4A7E-AF25-F3675A5E5EC3}"
EndProject
Global
	GlobalSection(SolutionConfigurationPlatforms) = preSolution
		Debug|Any CPU = Debug|Any CPU
		Release|Any CPU = Release|Any CPU
	EndGlobalSection
	GlobalSection(ProjectConfigurationPlatforms) = postSolution
		{A86BB62E-7582-416A-9E9C-9843C6147453}.Debug|Any CPU.ActiveCfg = Debug|Any CPU
		{A86BB62E-7582-416A-9E9C-9843C6147453}.Debug|Any CPU.Build.0 = Debug|Any CPU
		{A86BB62E-7582-416A-9E9C-9843C6147453}.Release|Any CPU.ActiveCfg = Release|Any CPU
		{A86BB62E-7582-416A-9E9C-9843C6147453}.Release|Any CPU.Build.0 = Release|Any CPU
		{F3596FEC-B92C-45F3-8951-A4FD11A91FA9}.Debug|Any CPU.ActiveCfg = Debug|Any CPU
		{F3596FEC-B92C-45F3-8951-A4FD11A91FA9}.Debug|Any CPU.Build.0 = Debug|Any CPU
		{F3596FEC-B92C-45F3-8951-A4FD11A91FA9}.Release|Any CPU.ActiveCfg = Release|Any CPU
		{F3596FEC-B92C-45F3-8951-A4FD11A91FA9}.Release|Any CPU.Build.0 = Release|Any CPU
		{FA1A3F55-42AD-4A94-9FE3-2AF9EA61B0E2}.Debug|Any CPU.ActiveCfg = Debug|Any CPU
		{FA1A3F55-42AD-4A94-9FE3-2AF9EA61B0E2}.Debug|Any CPU.Build.0 = Debug|Any CPU
		{FA1A3F55-42AD-4A94-9FE3-2AF9EA61B0E2}.Release|Any CPU.ActiveCfg = Release|Any CPU
		{FA1A3F55-42AD-4A94-9FE3-2AF9EA61B0E2}.Release|Any CPU.Build.0 = Release|Any CPU
		{DA0C2E65-DF71-4A7E-AF25-F3675A5E5EC3}.Debug|Any CPU.ActiveCfg = Debug|Any CPU
		{DA0C2E65-DF71-4A7E-AF25-F3675A5E5EC3}.Debug|Any CPU.Build.0 = Debug|Any CPU
		{DA0C2E65-DF71-4A7E-AF25-F3675A5E5EC3}.Release|Any CPU.ActiveCfg = Release|Any CPU
		{DA0C2E65-DF71-4A7E-AF25-F3675A5E5EC3}.Release|Any CPU.Build.0 = Release|Any CPU
	EndGlobalSection
	GlobalSection(SolutionProperties) = preSolution
		HideSolutionNode = FALSE
	EndGlobalSection
	GlobalSection(NestedProjects) = preSolution
		{A86BB62E-7582-416A-9E9C-9843C6147453} = {4A654A1D-18BB-4325-95D5-C8BAB272C17A}
		{F3596FEC-B92C-45F3-8951-A4FD11A91FA9} = {4A654A1D-18BB-4325-95D5-C8BAB272C17A}
		{FA1A3F55-42AD-4A94-9FE3-2AF9EA61B0E2} = {4A654A1D-18BB-4325-95D5-C8BAB272C17A}
		{DA0C2E65-DF71-4A7E-AF25-F3675A5E5EC3} = {4A654A1D-18BB-4325-95D5-C8BAB272C17A}
	EndGlobalSection
	GlobalSection(ExtensibilityGlobals) = postSolution
		SolutionGuid = {71B6AC53-6838-4D9A-937E-9FF9AB61ACF2}
	EndGlobalSection
EndGlobal
